
Microsoft Visual Studio Solution File, Format Version 12.00
# Visual Studio Version 17
VisualStudioVersion = 17.0.31919.166
MinimumVisualStudioVersion = 10.0.40219.1
Project("{FAE04EC0-301F-11D3-BF4B-00C04F79EFBC}") = "Base", "Base\Base.csproj", "{0D5AE386-768C-4965-BC16-23857D31DE0B}"
EndProject
Project("{FAE04EC0-301F-11D3-BF4B-00C04F79EFBC}") = "TransportationApplication", "TransportationApplication\TransportationApplication.csproj", "{3426FF11-BE75-4F64-9727-4847FE2D8360}"
EndProject
Global
	GlobalSection(SolutionConfigurationPlatforms) = preSolution
		Debug|Any CPU = Debug|Any CPU
		Release|Any CPU = Release|Any CPU
	EndGlobalSection
	GlobalSection(ProjectConfigurationPlatforms) = postSolution
		{0D5AE386-768C-4965-BC16-23857D31DE0B}.Debug|Any CPU.ActiveCfg = Debug|Any CPU
		{0D5AE386-768C-4965-BC16-23857D31DE0B}.Debug|Any CPU.Build.0 = Debug|Any CPU
		{0D5AE386-768C-4965-BC16-23857D31DE0B}.Release|Any CPU.ActiveCfg = Release|Any CPU
		{0D5AE386-768C-4965-BC16-23857D31DE0B}.Release|Any CPU.Build.0 = Release|Any CPU
		{3426FF11-BE75-4F64-9727-4847FE2D8360}.Debug|Any CPU.ActiveCfg = Debug|Any CPU
		{3426FF11-BE75-4F64-9727-4847FE2D8360}.Debug|Any CPU.Build.0 = Debug|Any CPU
		{3426FF11-BE75-4F64-9727-4847FE2D8360}.Release|Any CPU.ActiveCfg = Release|Any CPU
		{3426FF11-BE75-4F64-9727-4847FE2D8360}.Release|Any CPU.Build.0 = Release|Any CPU
	EndGlobalSection
	GlobalSection(SolutionProperties) = preSolution
		HideSolutionNode = FALSE
	EndGlobalSection
	GlobalSection(ExtensibilityGlobals) = postSolution
		SolutionGuid = {12920FB7-A3C2-4E17-90C5-B07C297CD5FC}
	EndGlobalSection
EndGlobal
